
Microsoft Visual Studio Solution File, Format Version 12.00
# Visual Studio Version 17
VisualStudioVersion = 17.0.32014.148
MinimumVisualStudioVersion = 10.0.40219.1
Project("{54A90642-561A-4BB1-A94E-469ADEE60C69}") = "reactproject2", "reactproject2\reactproject2.esproj", "{B952142D-5341-4954-A91D-4080F0AE9EEF}"
EndProject
Project("{FAE04EC0-301F-11D3-BF4B-00C04F79EFBC}") = "Backend", "Backend\Backend.csproj", "{E7527ED6-5C81-4085-B62B-CFCC5467D249}"
EndProject
Global
	GlobalSection(SolutionConfigurationPlatforms) = preSolution
		Debug|Any CPU = Debug|Any CPU
		Release|Any CPU = Release|Any CPU
	EndGlobalSection
	GlobalSection(ProjectConfigurationPlatforms) = postSolution
		{B952142D-5341-4954-A91D-4080F0AE9EEF}.Debug|Any CPU.ActiveCfg = Debug|Any CPU
		{B952142D-5341-4954-A91D-4080F0AE9EEF}.Debug|Any CPU.Build.0 = Debug|Any CPU
		{B952142D-5341-4954-A91D-4080F0AE9EEF}.Debug|Any CPU.Deploy.0 = Debug|Any CPU
		{B952142D-5341-4954-A91D-4080F0AE9EEF}.Release|Any CPU.ActiveCfg = Release|Any CPU
		{B952142D-5341-4954-A91D-4080F0AE9EEF}.Release|Any CPU.Build.0 = Release|Any CPU
		{B952142D-5341-4954-A91D-4080F0AE9EEF}.Release|Any CPU.Deploy.0 = Release|Any CPU
		{E7527ED6-5C81-4085-B62B-CFCC5467D249}.Debug|Any CPU.ActiveCfg = Debug|Any CPU
		{E7527ED6-5C81-4085-B62B-CFCC5467D249}.Debug|Any CPU.Build.0 = Debug|Any CPU
		{E7527ED6-5C81-4085-B62B-CFCC5467D249}.Release|Any CPU.ActiveCfg = Release|Any CPU
		{E7527ED6-5C81-4085-B62B-CFCC5467D249}.Release|Any CPU.Build.0 = Release|Any CPU
	EndGlobalSection
	GlobalSection(SolutionProperties) = preSolution
		HideSolutionNode = FALSE
	EndGlobalSection
	GlobalSection(ExtensibilityGlobals) = postSolution
		SolutionGuid = {63300A0B-DEF2-450C-AFA9-5D91323B4118}
	EndGlobalSection
EndGlobal
